
Microsoft Visual Studio Solution File, Format Version 12.00
# Visual Studio Version 17
VisualStudioVersion = 17.3.32901.215
MinimumVisualStudioVersion = 10.0.40219.1
Project("{9A19103F-16F7-4668-BE54-9A1E7A4F7556}") = "Malwis", "Malwis\Malwis.csproj", "{53755C9E-C3A9-4AAB-8237-321E8B46B0F4}"
EndProject
Project("{9A19103F-16F7-4668-BE54-9A1E7A4F7556}") = "MalwisTest", "MalwisTest\MalwisTest.csproj", "{B9EEEA1E-B75A-49E3-8FF5-A820E3286542}"
EndProject
Project("{FAE04EC0-301F-11D3-BF4B-00C04F79EFBC}") = "MalwisBenchmarking", "MalwisBenchmarking\MalwisBenchmarking.csproj", "{4C521163-2D50-433A-9ACB-46BFE16F4EE5}"
EndProject
Global
	GlobalSection(SolutionConfigurationPlatforms) = preSolution
		Debug|Any CPU = Debug|Any CPU
		Release|Any CPU = Release|Any CPU
	EndGlobalSection
	GlobalSection(ProjectConfigurationPlatforms) = postSolution
		{53755C9E-C3A9-4AAB-8237-321E8B46B0F4}.Debug|Any CPU.ActiveCfg = Debug|Any CPU
		{53755C9E-C3A9-4AAB-8237-321E8B46B0F4}.Debug|Any CPU.Build.0 = Debug|Any CPU
		{53755C9E-C3A9-4AAB-8237-321E8B46B0F4}.Release|Any CPU.ActiveCfg = Release|Any CPU
		{53755C9E-C3A9-4AAB-8237-321E8B46B0F4}.Release|Any CPU.Build.0 = Release|Any CPU
		{B9EEEA1E-B75A-49E3-8FF5-A820E3286542}.Debug|Any CPU.ActiveCfg = Debug|Any CPU
		{B9EEEA1E-B75A-49E3-8FF5-A820E3286542}.Debug|Any CPU.Build.0 = Debug|Any CPU
		{B9EEEA1E-B75A-49E3-8FF5-A820E3286542}.Release|Any CPU.ActiveCfg = Release|Any CPU
		{B9EEEA1E-B75A-49E3-8FF5-A820E3286542}.Release|Any CPU.Build.0 = Release|Any CPU
		{4C521163-2D50-433A-9ACB-46BFE16F4EE5}.Debug|Any CPU.ActiveCfg = Debug|Any CPU
		{4C521163-2D50-433A-9ACB-46BFE16F4EE5}.Debug|Any CPU.Build.0 = Debug|Any CPU
		{4C521163-2D50-433A-9ACB-46BFE16F4EE5}.Release|Any CPU.ActiveCfg = Release|Any CPU
		{4C521163-2D50-433A-9ACB-46BFE16F4EE5}.Release|Any CPU.Build.0 = Release|Any CPU
	EndGlobalSection
	GlobalSection(SolutionProperties) = preSolution
		HideSolutionNode = FALSE
	EndGlobalSection
	GlobalSection(ExtensibilityGlobals) = postSolution
		SolutionGuid = {E752BB2D-5545-4F2B-BE59-7E18B73BD422}
	EndGlobalSection
EndGlobal
