
Microsoft Visual Studio Solution File, Format Version 12.00
# Visual Studio Version 17
VisualStudioVersion = 17.3.32901.215
MinimumVisualStudioVersion = 10.0.40219.1
Project("{9A19103F-16F7-4668-BE54-9A1E7A4F7556}") = "Malwis", "src\Malwis\Malwis.csproj", "{3BD68960-16F2-4F3D-A858-DF8E097FDF8D}"
EndProject
Project("{2150E333-8FDC-42A3-9474-1A3956D46DE8}") = "src", "src", "{12A5E9BA-DF9D-4EE4-84F7-3E51D5EB92CD}"
EndProject
Project("{2150E333-8FDC-42A3-9474-1A3956D46DE8}") = "test", "test", "{71EE04A2-98E2-4CFE-B7DE-03A30E730394}"
EndProject
Project("{9A19103F-16F7-4668-BE54-9A1E7A4F7556}") = "MalwisBenchmarking", "test\MalwisBenchmarking\MalwisBenchmarking.csproj", "{F1802AC1-A745-4C93-B9D5-D3D53A193754}"
EndProject
Project("{9A19103F-16F7-4668-BE54-9A1E7A4F7556}") = "MalwisConsole", "test\MalwisConsole\MalwisConsole.csproj", "{75DEC78D-A14C-4323-BCF5-4CEFA543CBB2}"
EndProject
Project("{9A19103F-16F7-4668-BE54-9A1E7A4F7556}") = "MalwisTest", "test\MalwisTest\MalwisTest.csproj", "{FF2D9515-6768-4A4C-BA97-6F9639E43381}"
EndProject
Project("{2150E333-8FDC-42A3-9474-1A3956D46DE8}") = "generators", "generators", "{556B74B7-C5CC-471F-BE31-025981F15E52}"
EndProject
Project("{2150E333-8FDC-42A3-9474-1A3956D46DE8}") = "generators", "generators", "{CDA5A370-E291-43BF-B7DE-FE77C7A87104}"
EndProject
Project("{2150E333-8FDC-42A3-9474-1A3956D46DE8}") = "Solution Items", "Solution Items", "{B891AD92-5572-493D-A177-B35B395FD777}"
	ProjectSection(SolutionItems) = preProject
		.editorconfig = .editorconfig
		.gitignore = .gitignore
	EndProjectSection
EndProject
Project("{FAE04EC0-301F-11D3-BF4B-00C04F79EFBC}") = "EqualityGeneratorAttributes", "src\generators\EqualityGeneratorAttributes\EqualityGeneratorAttributes.csproj", "{BFEB0635-345C-4C14-96E6-92BE39140519}"
EndProject
Project("{FAE04EC0-301F-11D3-BF4B-00C04F79EFBC}") = "EqualityGenTest", "test\generators\EqualityGenTest\EqualityGenTest.csproj", "{C667539B-40F4-4051-8984-5F5BF5613AA9}"
EndProject
Project("{FAE04EC0-301F-11D3-BF4B-00C04F79EFBC}") = "EqualityGenerator", "src\generators\EqualityGenerator\EqualityGenerator.csproj", "{73C9A5A8-2560-409A-B6A8-48B86BCA80AD}"
EndProject
Global
	GlobalSection(SolutionConfigurationPlatforms) = preSolution
		Debug|Any CPU = Debug|Any CPU
		Release|Any CPU = Release|Any CPU
	EndGlobalSection
	GlobalSection(ProjectConfigurationPlatforms) = postSolution
		{3BD68960-16F2-4F3D-A858-DF8E097FDF8D}.Debug|Any CPU.ActiveCfg = Debug|Any CPU
		{3BD68960-16F2-4F3D-A858-DF8E097FDF8D}.Debug|Any CPU.Build.0 = Debug|Any CPU
		{3BD68960-16F2-4F3D-A858-DF8E097FDF8D}.Release|Any CPU.ActiveCfg = Release|Any CPU
		{3BD68960-16F2-4F3D-A858-DF8E097FDF8D}.Release|Any CPU.Build.0 = Release|Any CPU
		{F1802AC1-A745-4C93-B9D5-D3D53A193754}.Debug|Any CPU.ActiveCfg = Debug|Any CPU
		{F1802AC1-A745-4C93-B9D5-D3D53A193754}.Debug|Any CPU.Build.0 = Debug|Any CPU
		{F1802AC1-A745-4C93-B9D5-D3D53A193754}.Release|Any CPU.ActiveCfg = Release|Any CPU
		{F1802AC1-A745-4C93-B9D5-D3D53A193754}.Release|Any CPU.Build.0 = Release|Any CPU
		{75DEC78D-A14C-4323-BCF5-4CEFA543CBB2}.Debug|Any CPU.ActiveCfg = Debug|Any CPU
		{75DEC78D-A14C-4323-BCF5-4CEFA543CBB2}.Debug|Any CPU.Build.0 = Debug|Any CPU
		{75DEC78D-A14C-4323-BCF5-4CEFA543CBB2}.Release|Any CPU.ActiveCfg = Release|Any CPU
		{75DEC78D-A14C-4323-BCF5-4CEFA543CBB2}.Release|Any CPU.Build.0 = Release|Any CPU
		{FF2D9515-6768-4A4C-BA97-6F9639E43381}.Debug|Any CPU.ActiveCfg = Debug|Any CPU
		{FF2D9515-6768-4A4C-BA97-6F9639E43381}.Debug|Any CPU.Build.0 = Debug|Any CPU
		{FF2D9515-6768-4A4C-BA97-6F9639E43381}.Release|Any CPU.ActiveCfg = Release|Any CPU
		{FF2D9515-6768-4A4C-BA97-6F9639E43381}.Release|Any CPU.Build.0 = Release|Any CPU
		{BFEB0635-345C-4C14-96E6-92BE39140519}.Debug|Any CPU.ActiveCfg = Debug|Any CPU
		{BFEB0635-345C-4C14-96E6-92BE39140519}.Debug|Any CPU.Build.0 = Debug|Any CPU
		{BFEB0635-345C-4C14-96E6-92BE39140519}.Release|Any CPU.ActiveCfg = Release|Any CPU
		{BFEB0635-345C-4C14-96E6-92BE39140519}.Release|Any CPU.Build.0 = Release|Any CPU
		{C667539B-40F4-4051-8984-5F5BF5613AA9}.Debug|Any CPU.ActiveCfg = Debug|Any CPU
		{C667539B-40F4-4051-8984-5F5BF5613AA9}.Debug|Any CPU.Build.0 = Debug|Any CPU
		{C667539B-40F4-4051-8984-5F5BF5613AA9}.Release|Any CPU.ActiveCfg = Release|Any CPU
		{C667539B-40F4-4051-8984-5F5BF5613AA9}.Release|Any CPU.Build.0 = Release|Any CPU
		{73C9A5A8-2560-409A-B6A8-48B86BCA80AD}.Debug|Any CPU.ActiveCfg = Debug|Any CPU
		{73C9A5A8-2560-409A-B6A8-48B86BCA80AD}.Debug|Any CPU.Build.0 = Debug|Any CPU
		{73C9A5A8-2560-409A-B6A8-48B86BCA80AD}.Release|Any CPU.ActiveCfg = Release|Any CPU
		{73C9A5A8-2560-409A-B6A8-48B86BCA80AD}.Release|Any CPU.Build.0 = Release|Any CPU
	EndGlobalSection
	GlobalSection(SolutionProperties) = preSolution
		HideSolutionNode = FALSE
	EndGlobalSection
	GlobalSection(NestedProjects) = preSolution
		{3BD68960-16F2-4F3D-A858-DF8E097FDF8D} = {12A5E9BA-DF9D-4EE4-84F7-3E51D5EB92CD}
		{F1802AC1-A745-4C93-B9D5-D3D53A193754} = {71EE04A2-98E2-4CFE-B7DE-03A30E730394}
		{75DEC78D-A14C-4323-BCF5-4CEFA543CBB2} = {71EE04A2-98E2-4CFE-B7DE-03A30E730394}
		{FF2D9515-6768-4A4C-BA97-6F9639E43381} = {71EE04A2-98E2-4CFE-B7DE-03A30E730394}
		{556B74B7-C5CC-471F-BE31-025981F15E52} = {12A5E9BA-DF9D-4EE4-84F7-3E51D5EB92CD}
		{CDA5A370-E291-43BF-B7DE-FE77C7A87104} = {71EE04A2-98E2-4CFE-B7DE-03A30E730394}
		{BFEB0635-345C-4C14-96E6-92BE39140519} = {556B74B7-C5CC-471F-BE31-025981F15E52}
		{C667539B-40F4-4051-8984-5F5BF5613AA9} = {CDA5A370-E291-43BF-B7DE-FE77C7A87104}
		{73C9A5A8-2560-409A-B6A8-48B86BCA80AD} = {556B74B7-C5CC-471F-BE31-025981F15E52}
	EndGlobalSection
	GlobalSection(ExtensibilityGlobals) = postSolution
		SolutionGuid = {E752BB2D-5545-4F2B-BE59-7E18B73BD422}
	EndGlobalSection
EndGlobal
